<Solution>
  <Folder Name="/src/">
    <Project Path="src/HotelOS.Broker/HotelOS.Broker.csproj" />
    <Project Path="src/HotelOS.Contracts/HotelOS.Contracts.csproj" />
    <Project Path="src/HotelOS.Dashboard/HotelOS.Dashboard.csproj" />
    <Project Path="src/HotelOS.Housekeeping/HotelOS.Housekeeping.csproj" />
    <Project Path="src/HotelOS.Maintenance/HotelOS.Maintenance.csproj" />
    <Project Path="src/HotelOS.Reception/HotelOS.Reception.csproj" />
    <Project Path="src/HotelOS.RoomService/HotelOS.RoomService.csproj" />
  </Folder>
</Solution>
