<Solution>
  <Folder Name="/src/">
    <Project Path="src/HotelOS.Api/HotelOS.Api.csproj" />
    <Project Path="src/HotelOS.Application/HotelOS.Application.csproj" />
    <Project Path="src/HotelOS.Domain/HotelOS.Domain.csproj" />
    <Project Path="src/HotelOS.Infrastructure/HotelOS.Infrastructure.csproj" />
  </Folder>
</Solution>
